// !$*UTF8*$!
{
	archiveVersion = 1;
	classes = {
	};
	objectVersion = 55;
	objects = {

/* Begin PBXBuildFile section */
		A2305CFA29CCA74600C3BA64 /* LoginViewController.swift in Sources */ = {isa = PBXBuildFile; fileRef = A2305CF929CCA74600C3BA64 /* LoginViewController.swift */; };
		A2305CFC29CCA76800C3BA64 /* RegisterViewController.swift in Sources */ = {isa = PBXBuildFile; fileRef = A2305CFB29CCA76800C3BA64 /* RegisterViewController.swift */; };
		A2305CFE29CCA78900C3BA64 /* PhotoViewViewController.swift in Sources */ = {isa = PBXBuildFile; fileRef = A2305CFD29CCA78900C3BA64 /* PhotoViewViewController.swift */; };
		A2305D0029CCA79C00C3BA64 /* VideoPlayerViewController.swift in Sources */ = {isa = PBXBuildFile; fileRef = A2305CFF29CCA79C00C3BA64 /* VideoPlayerViewController.swift */; };
		A2305D0229CCA7C700C3BA64 /* NewConversationViewController.swift in Sources */ = {isa = PBXBuildFile; fileRef = A2305D0129CCA7C700C3BA64 /* NewConversationViewController.swift */; };
		A2305D0429CCA7E900C3BA64 /* ProfileViewController.swift in Sources */ = {isa = PBXBuildFile; fileRef = A2305D0329CCA7E900C3BA64 /* ProfileViewController.swift */; };
		A28DEBC529E3822500196630 /* ChatViewController.swift in Sources */ = {isa = PBXBuildFile; fileRef = A28DEBC429E3822500196630 /* ChatViewController.swift */; };
		A2925FB329D5B8F4000F112A /* DatabaseManager.swift in Sources */ = {isa = PBXBuildFile; fileRef = A2925FB229D5B8F4000F112A /* DatabaseManager.swift */; };
		A2925FB529D5BF19000F112A /* GoogleService-Info.plist in Resources */ = {isa = PBXBuildFile; fileRef = A2925FB429D5BF19000F112A /* GoogleService-Info.plist */; };
		A2AB5DD329E8C71D0008A2D7 /* StorageManager.swift in Sources */ = {isa = PBXBuildFile; fileRef = A2AB5DD229E8C71D0008A2D7 /* StorageManager.swift */; };
		A2B6C5CF29CC999E00D61F74 /* AppDelegate.swift in Sources */ = {isa = PBXBuildFile; fileRef = A2B6C5CE29CC999E00D61F74 /* AppDelegate.swift */; };
		A2B6C5D129CC999E00D61F74 /* SceneDelegate.swift in Sources */ = {isa = PBXBuildFile; fileRef = A2B6C5D029CC999E00D61F74 /* SceneDelegate.swift */; };
		A2B6C5D329CC999E00D61F74 /* ConversationsViewController.swift in Sources */ = {isa = PBXBuildFile; fileRef = A2B6C5D229CC999E00D61F74 /* ConversationsViewController.swift */; };
		A2B6C5D629CC999E00D61F74 /* Main.storyboard in Resources */ = {isa = PBXBuildFile; fileRef = A2B6C5D429CC999E00D61F74 /* Main.storyboard */; };
		A2B6C5D829CC99A300D61F74 /* Assets.xcassets in Resources */ = {isa = PBXBuildFile; fileRef = A2B6C5D729CC99A300D61F74 /* Assets.xcassets */; };
		A2B6C5DB29CC99A300D61F74 /* LaunchScreen.storyboard in Resources */ = {isa = PBXBuildFile; fileRef = A2B6C5D929CC99A300D61F74 /* LaunchScreen.storyboard */; };
		A2D83D6C29CE5D9100B5DB0E /* Extensions.swift in Sources */ = {isa = PBXBuildFile; fileRef = A2D83D6B29CE5D9100B5DB0E /* Extensions.swift */; };
		C71DBD05D0C963A7B676BF7E /* Pods_ChatApp.framework in Frameworks */ = {isa = PBXBuildFile; fileRef = 3128A4C2DCD96B49936A5A2D /* Pods_ChatApp.framework */; };
/* End PBXBuildFile section */

/* Begin PBXFileReference section */
		3128A4C2DCD96B49936A5A2D /* Pods_ChatApp.framework */ = {isa = PBXFileReference; explicitFileType = wrapper.framework; includeInIndex = 0; path = Pods_ChatApp.framework; sourceTree = BUILT_PRODUCTS_DIR; };
		5B20F38E42EF17A11B39E89F /* Pods-ChatApp.debug.xcconfig */ = {isa = PBXFileReference; includeInIndex = 1; lastKnownFileType = text.xcconfig; name = "Pods-ChatApp.debug.xcconfig"; path = "Target Support Files/Pods-ChatApp/Pods-ChatApp.debug.xcconfig"; sourceTree = "<group>"; };
		A2305CF929CCA74600C3BA64 /* LoginViewController.swift */ = {isa = PBXFileReference; lastKnownFileType = sourcecode.swift; path = LoginViewController.swift; sourceTree = "<group>"; };
		A2305CFB29CCA76800C3BA64 /* RegisterViewController.swift */ = {isa = PBXFileReference; lastKnownFileType = sourcecode.swift; path = RegisterViewController.swift; sourceTree = "<group>"; };
		A2305CFD29CCA78900C3BA64 /* PhotoViewViewController.swift */ = {isa = PBXFileReference; lastKnownFileType = sourcecode.swift; path = PhotoViewViewController.swift; sourceTree = "<group>"; };
		A2305CFF29CCA79C00C3BA64 /* VideoPlayerViewController.swift */ = {isa = PBXFileReference; lastKnownFileType = sourcecode.swift; path = VideoPlayerViewController.swift; sourceTree = "<group>"; };
		A2305D0129CCA7C700C3BA64 /* NewConversationViewController.swift */ = {isa = PBXFileReference; lastKnownFileType = sourcecode.swift; path = NewConversationViewController.swift; sourceTree = "<group>"; };
		A2305D0329CCA7E900C3BA64 /* ProfileViewController.swift */ = {isa = PBXFileReference; lastKnownFileType = sourcecode.swift; path = ProfileViewController.swift; sourceTree = "<group>"; };
		A24F11B329E32329007B6140 /* ChatApp.entitlements */ = {isa = PBXFileReference; lastKnownFileType = text.plist.entitlements; path = ChatApp.entitlements; sourceTree = "<group>"; };
		A28DEBC429E3822500196630 /* ChatViewController.swift */ = {isa = PBXFileReference; lastKnownFileType = sourcecode.swift; path = ChatViewController.swift; sourceTree = "<group>"; };
		A2925FB229D5B8F4000F112A /* DatabaseManager.swift */ = {isa = PBXFileReference; lastKnownFileType = sourcecode.swift; path = DatabaseManager.swift; sourceTree = "<group>"; };
		A2925FB429D5BF19000F112A /* GoogleService-Info.plist */ = {isa = PBXFileReference; fileEncoding = 4; lastKnownFileType = text.plist.xml; name = "GoogleService-Info.plist"; path = "../../../Desktop/GoogleService-Info.plist"; sourceTree = "<group>"; };
		A2AB5DD229E8C71D0008A2D7 /* StorageManager.swift */ = {isa = PBXFileReference; lastKnownFileType = sourcecode.swift; path = StorageManager.swift; sourceTree = "<group>"; };
		A2B6C5CE29CC999E00D61F74 /* AppDelegate.swift */ = {isa = PBXFileReference; lastKnownFileType = sourcecode.swift; path = AppDelegate.swift; sourceTree = "<group>"; };
		A2B6C5D029CC999E00D61F74 /* SceneDelegate.swift */ = {isa = PBXFileReference; lastKnownFileType = sourcecode.swift; path = SceneDelegate.swift; sourceTree = "<group>"; };
		A2B6C5D229CC999E00D61F74 /* ConversationsViewController.swift */ = {isa = PBXFileReference; lastKnownFileType = sourcecode.swift; path = ConversationsViewController.swift; sourceTree = "<group>"; };
		A2B6C5D529CC999E00D61F74 /* Base */ = {isa = PBXFileReference; lastKnownFileType = file.storyboard; name = Base; path = Base.lproj/Main.storyboard; sourceTree = "<group>"; };
		A2B6C5D729CC99A300D61F74 /* Assets.xcassets */ = {isa = PBXFileReference; lastKnownFileType = folder.assetcatalog; path = Assets.xcassets; sourceTree = "<group>"; };
		A2B6C5DA29CC99A300D61F74 /* Base */ = {isa = PBXFileReference; lastKnownFileType = file.storyboard; name = Base; path = Base.lproj/LaunchScreen.storyboard; sourceTree = "<group>"; };
		A2B6C5DC29CC99A300D61F74 /* Info.plist */ = {isa = PBXFileReference; lastKnownFileType = text.plist.xml; path = Info.plist; sourceTree = "<group>"; };
		A2D83D6A29CE27B200B5DB0E /* ChatApp.app */ = {isa = PBXFileReference; explicitFileType = wrapper.application; includeInIndex = 0; path = ChatApp.app; sourceTree = BUILT_PRODUCTS_DIR; };
		A2D83D6B29CE5D9100B5DB0E /* Extensions.swift */ = {isa = PBXFileReference; lastKnownFileType = sourcecode.swift; path = Extensions.swift; sourceTree = "<group>"; };
		AF45A35361FAB7871F4693CC /* Pods-ChatApp.release.xcconfig */ = {isa = PBXFileReference; includeInIndex = 1; lastKnownFileType = text.xcconfig; name = "Pods-ChatApp.release.xcconfig"; path = "Target Support Files/Pods-ChatApp/Pods-ChatApp.release.xcconfig"; sourceTree = "<group>"; };
/* End PBXFileReference section */

/* Begin PBXFrameworksBuildPhase section */
		A2B6C5C829CC999E00D61F74 /* Frameworks */ = {
			isa = PBXFrameworksBuildPhase;
			buildActionMask = 2147483647;
			files = (
				C71DBD05D0C963A7B676BF7E /* Pods_ChatApp.framework in Frameworks */,
			);
			runOnlyForDeploymentPostprocessing = 0;
		};
/* End PBXFrameworksBuildPhase section */

/* Begin PBXGroup section */
		0D41059FF1A697929AC2FCE1 /* Pods */ = {
			isa = PBXGroup;
			children = (
				5B20F38E42EF17A11B39E89F /* Pods-ChatApp.debug.xcconfig */,
				AF45A35361FAB7871F4693CC /* Pods-ChatApp.release.xcconfig */,
			);
			path = Pods;
			sourceTree = "<group>";
		};
		A2305CF329CCA52300C3BA64 /* Controllers */ = {
			isa = PBXGroup;
			children = (
				A2B6C5D229CC999E00D61F74 /* ConversationsViewController.swift */,
				A2BCEF4129CDF6ED00F237EE /* Login */,
				A2305CFD29CCA78900C3BA64 /* PhotoViewViewController.swift */,
				A2305CFF29CCA79C00C3BA64 /* VideoPlayerViewController.swift */,
				A2305D0129CCA7C700C3BA64 /* NewConversationViewController.swift */,
				A2305D0329CCA7E900C3BA64 /* ProfileViewController.swift */,
				A28DEBC429E3822500196630 /* ChatViewController.swift */,
			);
			path = Controllers;
			sourceTree = "<group>";
		};
		A2305CF429CCA53200C3BA64 /* Views */ = {
			isa = PBXGroup;
			children = (
				A2305CF829CCA58700C3BA64 /* Storyboards */,
				A2B6C5D729CC99A300D61F74 /* Assets.xcassets */,
			);
			path = Views;
			sourceTree = "<group>";
		};
		A2305CF529CCA53A00C3BA64 /* Models */ = {
			isa = PBXGroup;
			children = (
			);
			path = Models;
			sourceTree = "<group>";
		};
		A2305CF629CCA54000C3BA64 /* ViewModels */ = {
			isa = PBXGroup;
			children = (
			);
			path = ViewModels;
			sourceTree = "<group>";
		};
		A2305CF729CCA54800C3BA64 /* Resources */ = {
			isa = PBXGroup;
			children = (
				A2B6C5CE29CC999E00D61F74 /* AppDelegate.swift */,
				A2B6C5D029CC999E00D61F74 /* SceneDelegate.swift */,
				A2D83D6B29CE5D9100B5DB0E /* Extensions.swift */,
				A2925FB229D5B8F4000F112A /* DatabaseManager.swift */,
				A2AB5DD229E8C71D0008A2D7 /* StorageManager.swift */,
			);
			path = Resources;
			sourceTree = "<group>";
		};
		A2305CF829CCA58700C3BA64 /* Storyboards */ = {
			isa = PBXGroup;
			children = (
				A2B6C5D429CC999E00D61F74 /* Main.storyboard */,
				A2B6C5D929CC99A300D61F74 /* LaunchScreen.storyboard */,
			);
			path = Storyboards;
			sourceTree = "<group>";
		};
		A2B6C5C229CC999E00D61F74 = {
			isa = PBXGroup;
			children = (
				A2B6C5CD29CC999E00D61F74 /* ChatApp */,
				0D41059FF1A697929AC2FCE1 /* Pods */,
				A2D83D6A29CE27B200B5DB0E /* ChatApp.app */,
				D316E44E244F774A39E0CAAD /* Frameworks */,
			);
			sourceTree = "<group>";
		};
		A2B6C5CD29CC999E00D61F74 /* ChatApp */ = {
			isa = PBXGroup;
			children = (
				A24F11B329E32329007B6140 /* ChatApp.entitlements */,
				A2925FB429D5BF19000F112A /* GoogleService-Info.plist */,
				A2305CF729CCA54800C3BA64 /* Resources */,
				A2305CF629CCA54000C3BA64 /* ViewModels */,
				A2305CF529CCA53A00C3BA64 /* Models */,
				A2305CF429CCA53200C3BA64 /* Views */,
				A2305CF329CCA52300C3BA64 /* Controllers */,
				A2B6C5DC29CC99A300D61F74 /* Info.plist */,
			);
			path = ChatApp;
			sourceTree = "<group>";
		};
		A2BCEF4129CDF6ED00F237EE /* Login */ = {
			isa = PBXGroup;
			children = (
				A2305CF929CCA74600C3BA64 /* LoginViewController.swift */,
				A2305CFB29CCA76800C3BA64 /* RegisterViewController.swift */,
			);
			path = Login;
			sourceTree = "<group>";
		};
		D316E44E244F774A39E0CAAD /* Frameworks */ = {
			isa = PBXGroup;
			children = (
				3128A4C2DCD96B49936A5A2D /* Pods_ChatApp.framework */,
			);
			name = Frameworks;
			sourceTree = "<group>";
		};
/* End PBXGroup section */

/* Begin PBXNativeTarget section */
		A2B6C5CA29CC999E00D61F74 /* ChatApp */ = {
			isa = PBXNativeTarget;
			buildConfigurationList = A2B6C5DF29CC99A300D61F74 /* Build configuration list for PBXNativeTarget "ChatApp" */;
			buildPhases = (
				34A261F0FDAFC983EE35E3DB /* [CP] Check Pods Manifest.lock */,
				A2B6C5C729CC999E00D61F74 /* Sources */,
				A2B6C5C829CC999E00D61F74 /* Frameworks */,
				A2B6C5C929CC999E00D61F74 /* Resources */,
				EB4D7FA12A4D60702B5F77B4 /* [CP] Embed Pods Frameworks */,
			);
			buildRules = (
			);
			dependencies = (
			);
			name = ChatApp;
			productName = ChatApp;
			productReference = A2D83D6A29CE27B200B5DB0E /* ChatApp.app */;
			productType = "com.apple.product-type.application";
		};
/* End PBXNativeTarget section */

/* Begin PBXProject section */
		A2B6C5C329CC999E00D61F74 /* Project object */ = {
			isa = PBXProject;
			attributes = {
				BuildIndependentTargetsInParallel = 1;
				LastSwiftUpdateCheck = 1340;
				LastUpgradeCheck = 1340;
				TargetAttributes = {
					A2B6C5CA29CC999E00D61F74 = {
						CreatedOnToolsVersion = 13.4;
					};
				};
			};
			buildConfigurationList = A2B6C5C629CC999E00D61F74 /* Build configuration list for PBXProject "ChatApp" */;
			compatibilityVersion = "Xcode 13.0";
			developmentRegion = en;
			hasScannedForEncodings = 0;
			knownRegions = (
				en,
				Base,
			);
			mainGroup = A2B6C5C229CC999E00D61F74;
			productRefGroup = A2B6C5C229CC999E00D61F74;
			projectDirPath = "";
			projectRoot = "";
			targets = (
				A2B6C5CA29CC999E00D61F74 /* ChatApp */,
			);
		};
/* End PBXProject section */

/* Begin PBXResourcesBuildPhase section */
		A2B6C5C929CC999E00D61F74 /* Resources */ = {
			isa = PBXResourcesBuildPhase;
			buildActionMask = 2147483647;
			files = (
				A2B6C5DB29CC99A300D61F74 /* LaunchScreen.storyboard in Resources */,
				A2925FB529D5BF19000F112A /* GoogleService-Info.plist in Resources */,
				A2B6C5D829CC99A300D61F74 /* Assets.xcassets in Resources */,
				A2B6C5D629CC999E00D61F74 /* Main.storyboard in Resources */,
			);
			runOnlyForDeploymentPostprocessing = 0;
		};
/* End PBXResourcesBuildPhase section */

/* Begin PBXShellScriptBuildPhase section */
		34A261F0FDAFC983EE35E3DB /* [CP] Check Pods Manifest.lock */ = {
			isa = PBXShellScriptBuildPhase;
			buildActionMask = 2147483647;
			files = (
			);
			inputFileListPaths = (
			);
			inputPaths = (
				"${PODS_PODFILE_DIR_PATH}/Podfile.lock",
				"${PODS_ROOT}/Manifest.lock",
			);
			name = "[CP] Check Pods Manifest.lock";
			outputFileListPaths = (
			);
			outputPaths = (
				"$(DERIVED_FILE_DIR)/Pods-ChatApp-checkManifestLockResult.txt",
			);
			runOnlyForDeploymentPostprocessing = 0;
			shellPath = /bin/sh;
			shellScript = "diff \"${PODS_PODFILE_DIR_PATH}/Podfile.lock\" \"${PODS_ROOT}/Manifest.lock\" > /dev/null\nif [ $? != 0 ] ; then\n    # print error to STDERR\n    echo \"error: The sandbox is not in sync with the Podfile.lock. Run 'pod install' or update your CocoaPods installation.\" >&2\n    exit 1\nfi\n# This output is used by Xcode 'outputs' to avoid re-running this script phase.\necho \"SUCCESS\" > \"${SCRIPT_OUTPUT_FILE_0}\"\n";
			showEnvVarsInLog = 0;
		};
		EB4D7FA12A4D60702B5F77B4 /* [CP] Embed Pods Frameworks */ = {
			isa = PBXShellScriptBuildPhase;
			buildActionMask = 2147483647;
			files = (
			);
			inputFileListPaths = (
				"${PODS_ROOT}/Target Support Files/Pods-ChatApp/Pods-ChatApp-frameworks-${CONFIGURATION}-input-files.xcfilelist",
			);
			name = "[CP] Embed Pods Frameworks";
			outputFileListPaths = (
				"${PODS_ROOT}/Target Support Files/Pods-ChatApp/Pods-ChatApp-frameworks-${CONFIGURATION}-output-files.xcfilelist",
			);
			runOnlyForDeploymentPostprocessing = 0;
			shellPath = /bin/sh;
			shellScript = "\"${PODS_ROOT}/Target Support Files/Pods-ChatApp/Pods-ChatApp-frameworks.sh\"\n";
			showEnvVarsInLog = 0;
		};
/* End PBXShellScriptBuildPhase section */

/* Begin PBXSourcesBuildPhase section */
		A2B6C5C729CC999E00D61F74 /* Sources */ = {
			isa = PBXSourcesBuildPhase;
			buildActionMask = 2147483647;
			files = (
				A2305CFE29CCA78900C3BA64 /* PhotoViewViewController.swift in Sources */,
				A2925FB329D5B8F4000F112A /* DatabaseManager.swift in Sources */,
				A2305CFA29CCA74600C3BA64 /* LoginViewController.swift in Sources */,
				A2305D0229CCA7C700C3BA64 /* NewConversationViewController.swift in Sources */,
				A2305CFC29CCA76800C3BA64 /* RegisterViewController.swift in Sources */,
				A2305D0029CCA79C00C3BA64 /* VideoPlayerViewController.swift in Sources */,
				A2D83D6C29CE5D9100B5DB0E /* Extensions.swift in Sources */,
				A2B6C5D329CC999E00D61F74 /* ConversationsViewController.swift in Sources */,
				A2305D0429CCA7E900C3BA64 /* ProfileViewController.swift in Sources */,
				A2B6C5CF29CC999E00D61F74 /* AppDelegate.swift in Sources */,
				A28DEBC529E3822500196630 /* ChatViewController.swift in Sources */,
				A2B6C5D129CC999E00D61F74 /* SceneDelegate.swift in Sources */,
				A2AB5DD329E8C71D0008A2D7 /* StorageManager.swift in Sources */,
			);
			runOnlyForDeploymentPostprocessing = 0;
		};
/* End PBXSourcesBuildPhase section */

/* Begin PBXVariantGroup section */
		A2B6C5D429CC999E00D61F74 /* Main.storyboard */ = {
			isa = PBXVariantGroup;
			children = (
				A2B6C5D529CC999E00D61F74 /* Base */,
			);
			name = Main.storyboard;
			sourceTree = "<group>";
		};
		A2B6C5D929CC99A300D61F74 /* LaunchScreen.storyboard */ = {
			isa = PBXVariantGroup;
			children = (
				A2B6C5DA29CC99A300D61F74 /* Base */,
			);
			name = LaunchScreen.storyboard;
			sourceTree = "<group>";
		};
/* End PBXVariantGroup section */

/* Begin XCBuildConfiguration section */
		A2B6C5DD29CC99A300D61F74 /* Debug */ = {
			isa = XCBuildConfiguration;
			buildSettings = {
				ALWAYS_SEARCH_USER_PATHS = NO;
				CLANG_ANALYZER_NONNULL = YES;
				CLANG_ANALYZER_NUMBER_OBJECT_CONVERSION = YES_AGGRESSIVE;
				CLANG_CXX_LANGUAGE_STANDARD = "gnu++17";
				CLANG_ENABLE_MODULES = YES;
				CLANG_ENABLE_OBJC_ARC = YES;
				CLANG_ENABLE_OBJC_WEAK = YES;
				CLANG_WARN_BLOCK_CAPTURE_AUTORELEASING = YES;
				CLANG_WARN_BOOL_CONVERSION = YES;
				CLANG_WARN_COMMA = YES;
				CLANG_WARN_CONSTANT_CONVERSION = YES;
				CLANG_WARN_DEPRECATED_OBJC_IMPLEMENTATIONS = YES;
				CLANG_WARN_DIRECT_OBJC_ISA_USAGE = YES_ERROR;
				CLANG_WARN_DOCUMENTATION_COMMENTS = YES;
				CLANG_WARN_EMPTY_BODY = YES;
				CLANG_WARN_ENUM_CONVERSION = YES;
				CLANG_WARN_INFINITE_RECURSION = YES;
				CLANG_WARN_INT_CONVERSION = YES;
				CLANG_WARN_NON_LITERAL_NULL_CONVERSION = YES;
				CLANG_WARN_OBJC_IMPLICIT_RETAIN_SELF = YES;
				CLANG_WARN_OBJC_LITERAL_CONVERSION = YES;
				CLANG_WARN_OBJC_ROOT_CLASS = YES_ERROR;
				CLANG_WARN_QUOTED_INCLUDE_IN_FRAMEWORK_HEADER = YES;
				CLANG_WARN_RANGE_LOOP_ANALYSIS = YES;
				CLANG_WARN_STRICT_PROTOTYPES = YES;
				CLANG_WARN_SUSPICIOUS_MOVE = YES;
				CLANG_WARN_UNGUARDED_AVAILABILITY = YES_AGGRESSIVE;
				CLANG_WARN_UNREACHABLE_CODE = YES;
				CLANG_WARN__DUPLICATE_METHOD_MATCH = YES;
				COPY_PHASE_STRIP = NO;
				DEBUG_INFORMATION_FORMAT = dwarf;
				ENABLE_STRICT_OBJC_MSGSEND = YES;
				ENABLE_TESTABILITY = YES;
				GCC_C_LANGUAGE_STANDARD = gnu11;
				GCC_DYNAMIC_NO_PIC = NO;
				GCC_NO_COMMON_BLOCKS = YES;
				GCC_OPTIMIZATION_LEVEL = 0;
				GCC_PREPROCESSOR_DEFINITIONS = (
					"DEBUG=1",
					"$(inherited)",
				);
				GCC_WARN_64_TO_32_BIT_CONVERSION = YES;
				GCC_WARN_ABOUT_RETURN_TYPE = YES_ERROR;
				GCC_WARN_UNDECLARED_SELECTOR = YES;
				GCC_WARN_UNINITIALIZED_AUTOS = YES_AGGRESSIVE;
				GCC_WARN_UNUSED_FUNCTION = YES;
				GCC_WARN_UNUSED_VARIABLE = YES;
				IPHONEOS_DEPLOYMENT_TARGET = 15.5;
				MTL_ENABLE_DEBUG_INFO = INCLUDE_SOURCE;
				MTL_FAST_MATH = YES;
				ONLY_ACTIVE_ARCH = YES;
				SDKROOT = iphoneos;
				SWIFT_ACTIVE_COMPILATION_CONDITIONS = DEBUG;
				SWIFT_OPTIMIZATION_LEVEL = "-Onone";
			};
			name = Debug;
		};
		A2B6C5DE29CC99A300D61F74 /* Release */ = {
			isa = XCBuildConfiguration;
			buildSettings = {
				ALWAYS_SEARCH_USER_PATHS = NO;
				CLANG_ANALYZER_NONNULL = YES;
				CLANG_ANALYZER_NUMBER_OBJECT_CONVERSION = YES_AGGRESSIVE;
				CLANG_CXX_LANGUAGE_STANDARD = "gnu++17";
				CLANG_ENABLE_MODULES = YES;
				CLANG_ENABLE_OBJC_ARC = YES;
				CLANG_ENABLE_OBJC_WEAK = YES;
				CLANG_WARN_BLOCK_CAPTURE_AUTORELEASING = YES;
				CLANG_WARN_BOOL_CONVERSION = YES;
				CLANG_WARN_COMMA = YES;
				CLANG_WARN_CONSTANT_CONVERSION = YES;
				CLANG_WARN_DEPRECATED_OBJC_IMPLEMENTATIONS = YES;
				CLANG_WARN_DIRECT_OBJC_ISA_USAGE = YES_ERROR;
				CLANG_WARN_DOCUMENTATION_COMMENTS = YES;
				CLANG_WARN_EMPTY_BODY = YES;
				CLANG_WARN_ENUM_CONVERSION = YES;
				CLANG_WARN_INFINITE_RECURSION = YES;
				CLANG_WARN_INT_CONVERSION = YES;
				CLANG_WARN_NON_LITERAL_NULL_CONVERSION = YES;
				CLANG_WARN_OBJC_IMPLICIT_RETAIN_SELF = YES;
				CLANG_WARN_OBJC_LITERAL_CONVERSION = YES;
				CLANG_WARN_OBJC_ROOT_CLASS = YES_ERROR;
				CLANG_WARN_QUOTED_INCLUDE_IN_FRAMEWORK_HEADER = YES;
				CLANG_WARN_RANGE_LOOP_ANALYSIS = YES;
				CLANG_WARN_STRICT_PROTOTYPES = YES;
				CLANG_WARN_SUSPICIOUS_MOVE = YES;
				CLANG_WARN_UNGUARDED_AVAILABILITY = YES_AGGRESSIVE;
				CLANG_WARN_UNREACHABLE_CODE = YES;
				CLANG_WARN__DUPLICATE_METHOD_MATCH = YES;
				COPY_PHASE_STRIP = NO;
				DEBUG_INFORMATION_FORMAT = "dwarf-with-dsym";
				ENABLE_NS_ASSERTIONS = NO;
				ENABLE_STRICT_OBJC_MSGSEND = YES;
				GCC_C_LANGUAGE_STANDARD = gnu11;
				GCC_NO_COMMON_BLOCKS = YES;
				GCC_WARN_64_TO_32_BIT_CONVERSION = YES;
				GCC_WARN_ABOUT_RETURN_TYPE = YES_ERROR;
				GCC_WARN_UNDECLARED_SELECTOR = YES;
				GCC_WARN_UNINITIALIZED_AUTOS = YES_AGGRESSIVE;
				GCC_WARN_UNUSED_FUNCTION = YES;
				GCC_WARN_UNUSED_VARIABLE = YES;
				IPHONEOS_DEPLOYMENT_TARGET = 15.5;
				MTL_ENABLE_DEBUG_INFO = NO;
				MTL_FAST_MATH = YES;
				SDKROOT = iphoneos;
				SWIFT_COMPILATION_MODE = wholemodule;
				SWIFT_OPTIMIZATION_LEVEL = "-O";
				VALIDATE_PRODUCT = YES;
			};
			name = Release;
		};
		A2B6C5E029CC99A300D61F74 /* Debug */ = {
			isa = XCBuildConfiguration;
			baseConfigurationReference = 5B20F38E42EF17A11B39E89F /* Pods-ChatApp.debug.xcconfig */;
			buildSettings = {
				ASSETCATALOG_COMPILER_APPICON_NAME = AppIcon;
				ASSETCATALOG_COMPILER_GLOBAL_ACCENT_COLOR_NAME = AccentColor;
				CODE_SIGN_ENTITLEMENTS = ChatApp/ChatApp.entitlements;
				CODE_SIGN_STYLE = Automatic;
				CURRENT_PROJECT_VERSION = 1;
				DEVELOPMENT_TEAM = 323SMA9H24;
				ENABLE_BITCODE = YES;
				GENERATE_INFOPLIST_FILE = YES;
				INFOPLIST_FILE = ChatApp/Info.plist;
				INFOPLIST_KEY_UIApplicationSupportsIndirectInputEvents = YES;
				INFOPLIST_KEY_UILaunchStoryboardName = LaunchScreen;
				INFOPLIST_KEY_UIMainStoryboardFile = Main;
				INFOPLIST_KEY_UISupportedInterfaceOrientations = UIInterfaceOrientationPortrait;
				INFOPLIST_KEY_UISupportedInterfaceOrientations_iPad = "UIInterfaceOrientationPortrait UIInterfaceOrientationPortraitUpsideDown UIInterfaceOrientationLandscapeLeft UIInterfaceOrientationLandscapeRight";
				INFOPLIST_KEY_UISupportedInterfaceOrientations_iPhone = "UIInterfaceOrientationPortrait UIInterfaceOrientationLandscapeLeft UIInterfaceOrientationLandscapeRight";
				IPHONEOS_DEPLOYMENT_TARGET = 13.5;
				LD_RUNPATH_SEARCH_PATHS = (
					"$(inherited)",
					"@executable_path/Frameworks",
				);
				MARKETING_VERSION = 1.0;
				PRODUCT_BUNDLE_IDENTIFIER = adrianderdas.ChatApp;
				PRODUCT_NAME = "$(TARGET_NAME)";
				SWIFT_EMIT_LOC_STRINGS = YES;
				SWIFT_VERSION = 5.0;
				TARGETED_DEVICE_FAMILY = "1,2";
			};
			name = Debug;
		};
		A2B6C5E129CC99A300D61F74 /* Release */ = {
			isa = XCBuildConfiguration;
			baseConfigurationReference = AF45A35361FAB7871F4693CC /* Pods-ChatApp.release.xcconfig */;
			buildSettings = {
				ASSETCATALOG_COMPILER_APPICON_NAME = AppIcon;
				ASSETCATALOG_COMPILER_GLOBAL_ACCENT_COLOR_NAME = AccentColor;
				CODE_SIGN_ENTITLEMENTS = ChatApp/ChatApp.entitlements;
				CODE_SIGN_STYLE = Automatic;
				CURRENT_PROJECT_VERSION = 1;
				DEVELOPMENT_TEAM = 323SMA9H24;
				ENABLE_BITCODE = YES;
				GENERATE_INFOPLIST_FILE = YES;
				INFOPLIST_FILE = ChatApp/Info.plist;
				INFOPLIST_KEY_UIApplicationSupportsIndirectInputEvents = YES;
				INFOPLIST_KEY_UILaunchStoryboardName = LaunchScreen;
				INFOPLIST_KEY_UIMainStoryboardFile = Main;
				INFOPLIST_KEY_UISupportedInterfaceOrientations = UIInterfaceOrientationPortrait;
				INFOPLIST_KEY_UISupportedInterfaceOrientations_iPad = "UIInterfaceOrientationPortrait UIInterfaceOrientationPortraitUpsideDown UIInterfaceOrientationLandscapeLeft UIInterfaceOrientationLandscapeRight";
				INFOPLIST_KEY_UISupportedInterfaceOrientations_iPhone = "UIInterfaceOrientationPortrait UIInterfaceOrientationLandscapeLeft UIInterfaceOrientationLandscapeRight";
				IPHONEOS_DEPLOYMENT_TARGET = 13.5;
				LD_RUNPATH_SEARCH_PATHS = (
					"$(inherited)",
					"@executable_path/Frameworks",
				);
				MARKETING_VERSION = 1.0;
				PRODUCT_BUNDLE_IDENTIFIER = adrianderdas.ChatApp;
				PRODUCT_NAME = "$(TARGET_NAME)";
				SWIFT_EMIT_LOC_STRINGS = YES;
				SWIFT_VERSION = 5.0;
				TARGETED_DEVICE_FAMILY = "1,2";
			};
			name = Release;
		};
/* End XCBuildConfiguration section */

/* Begin XCConfigurationList section */
		A2B6C5C629CC999E00D61F74 /* Build configuration list for PBXProject "ChatApp" */ = {
			isa = XCConfigurationList;
			buildConfigurations = (
				A2B6C5DD29CC99A300D61F74 /* Debug */,
				A2B6C5DE29CC99A300D61F74 /* Release */,
			);
			defaultConfigurationIsVisible = 0;
			defaultConfigurationName = Release;
		};
		A2B6C5DF29CC99A300D61F74 /* Build configuration list for PBXNativeTarget "ChatApp" */ = {
			isa = XCConfigurationList;
			buildConfigurations = (
				A2B6C5E029CC99A300D61F74 /* Debug */,
				A2B6C5E129CC99A300D61F74 /* Release */,
			);
			defaultConfigurationIsVisible = 0;
			defaultConfigurationName = Release;
		};
/* End XCConfigurationList section */
	};
	rootObject = A2B6C5C329CC999E00D61F74 /* Project object */;
}
